
Microsoft Visual Studio Solution File, Format Version 12.00
# Visual Studio Version 16
VisualStudioVersion = 16.0.30611.23
MinimumVisualStudioVersion = 10.0.40219.1
Project("{9A19103F-16F7-4668-BE54-9A1E7A4F7556}") = "SumMatrixElements", "MultidimensionalArrays\SumMatrixElements.csproj", "{4126CA32-D4F8-4301-BE28-96538AF74369}"
EndProject
Project("{FAE04EC0-301F-11D3-BF4B-00C04F79EFBC}") = "SumMatrixColomns", "SumMatrixColomns\SumMatrixColomns.csproj", "{32FFE5BB-8FF2-4515-BF7D-9AF01B3AEA76}"
EndProject
Project("{FAE04EC0-301F-11D3-BF4B-00C04F79EFBC}") = "PrimaryDiagonal", "PrimaryDiagonal\PrimaryDiagonal.csproj", "{9275FF2A-BEAB-46EC-96C3-A0FC07EEB4DE}"
EndProject
Project("{FAE04EC0-301F-11D3-BF4B-00C04F79EFBC}") = "SymbolInMatrix", "SymbolInMatrix\SymbolInMatrix.csproj", "{734C999D-D173-421E-8F71-62DA4332AF3C}"
EndProject
Project("{FAE04EC0-301F-11D3-BF4B-00C04F79EFBC}") = "SquareWithMaximumSum", "SquareWithMaximumSum\SquareWithMaximumSum.csproj", "{6346783D-D11B-4F09-92E6-711A46947432}"
EndProject
Global
	GlobalSection(SolutionConfigurationPlatforms) = preSolution
		Debug|Any CPU = Debug|Any CPU
		Release|Any CPU = Release|Any CPU
	EndGlobalSection
	GlobalSection(ProjectConfigurationPlatforms) = postSolution
		{4126CA32-D4F8-4301-BE28-96538AF74369}.Debug|Any CPU.ActiveCfg = Debug|Any CPU
		{4126CA32-D4F8-4301-BE28-96538AF74369}.Debug|Any CPU.Build.0 = Debug|Any CPU
		{4126CA32-D4F8-4301-BE28-96538AF74369}.Release|Any CPU.ActiveCfg = Release|Any CPU
		{4126CA32-D4F8-4301-BE28-96538AF74369}.Release|Any CPU.Build.0 = Release|Any CPU
		{32FFE5BB-8FF2-4515-BF7D-9AF01B3AEA76}.Debug|Any CPU.ActiveCfg = Debug|Any CPU
		{32FFE5BB-8FF2-4515-BF7D-9AF01B3AEA76}.Debug|Any CPU.Build.0 = Debug|Any CPU
		{32FFE5BB-8FF2-4515-BF7D-9AF01B3AEA76}.Release|Any CPU.ActiveCfg = Release|Any CPU
		{32FFE5BB-8FF2-4515-BF7D-9AF01B3AEA76}.Release|Any CPU.Build.0 = Release|Any CPU
		{9275FF2A-BEAB-46EC-96C3-A0FC07EEB4DE}.Debug|Any CPU.ActiveCfg = Debug|Any CPU
		{9275FF2A-BEAB-46EC-96C3-A0FC07EEB4DE}.Debug|Any CPU.Build.0 = Debug|Any CPU
		{9275FF2A-BEAB-46EC-96C3-A0FC07EEB4DE}.Release|Any CPU.ActiveCfg = Release|Any CPU
		{9275FF2A-BEAB-46EC-96C3-A0FC07EEB4DE}.Release|Any CPU.Build.0 = Release|Any CPU
		{734C999D-D173-421E-8F71-62DA4332AF3C}.Debug|Any CPU.ActiveCfg = Debug|Any CPU
		{734C999D-D173-421E-8F71-62DA4332AF3C}.Debug|Any CPU.Build.0 = Debug|Any CPU
		{734C999D-D173-421E-8F71-62DA4332AF3C}.Release|Any CPU.ActiveCfg = Release|Any CPU
		{734C999D-D173-421E-8F71-62DA4332AF3C}.Release|Any CPU.Build.0 = Release|Any CPU
		{6346783D-D11B-4F09-92E6-711A46947432}.Debug|Any CPU.ActiveCfg = Debug|Any CPU
		{6346783D-D11B-4F09-92E6-711A46947432}.Debug|Any CPU.Build.0 = Debug|Any CPU
		{6346783D-D11B-4F09-92E6-711A46947432}.Release|Any CPU.ActiveCfg = Release|Any CPU
		{6346783D-D11B-4F09-92E6-711A46947432}.Release|Any CPU.Build.0 = Release|Any CPU
	EndGlobalSection
	GlobalSection(SolutionProperties) = preSolution
		HideSolutionNode = FALSE
	EndGlobalSection
	GlobalSection(ExtensibilityGlobals) = postSolution
		SolutionGuid = {E199662F-0810-442D-ABB7-E691E4720FA4}
	EndGlobalSection
EndGlobal
